
Microsoft Visual Studio Solution File, Format Version 12.00
# Visual Studio Version 16
VisualStudioVersion = 16.0.30114.105
MinimumVisualStudioVersion = 10.0.40219.1
Project("{FAE04EC0-301F-11D3-BF4B-00C04F79EFBC}") = "Models", "Models\Models.csproj", "{EB848E04-E6FA-46C9-974F-D493C0FF114E}"
EndProject
Project("{FAE04EC0-301F-11D3-BF4B-00C04F79EFBC}") = "Data", "Data\Data.csproj", "{E1811EA6-EC9B-4619-BD77-7874CD219FB7}"
EndProject
Project("{FAE04EC0-301F-11D3-BF4B-00C04F79EFBC}") = "Services", "Services\Services.csproj", "{9D6CD00C-AB4F-4ABC-9CF5-1CD66B8AA641}"
EndProject
Project("{FAE04EC0-301F-11D3-BF4B-00C04F79EFBC}") = "API", "API\API.csproj", "{D9B7D9C6-F6D1-48CC-AC15-6BE4485BEB48}"
EndProject
Project("{FAE04EC0-301F-11D3-BF4B-00C04F79EFBC}") = "Core", "Core\Core.csproj", "{4E87C3C7-0AE0-44F6-BD28-A7347ED7B496}"
EndProject
Global
	GlobalSection(SolutionConfigurationPlatforms) = preSolution
		Debug|Any CPU = Debug|Any CPU
		Release|Any CPU = Release|Any CPU
	EndGlobalSection
	GlobalSection(SolutionProperties) = preSolution
		HideSolutionNode = FALSE
	EndGlobalSection
	GlobalSection(ProjectConfigurationPlatforms) = postSolution
		{EB848E04-E6FA-46C9-974F-D493C0FF114E}.Debug|Any CPU.ActiveCfg = Debug|Any CPU
		{EB848E04-E6FA-46C9-974F-D493C0FF114E}.Debug|Any CPU.Build.0 = Debug|Any CPU
		{EB848E04-E6FA-46C9-974F-D493C0FF114E}.Release|Any CPU.ActiveCfg = Release|Any CPU
		{EB848E04-E6FA-46C9-974F-D493C0FF114E}.Release|Any CPU.Build.0 = Release|Any CPU
		{E1811EA6-EC9B-4619-BD77-7874CD219FB7}.Debug|Any CPU.ActiveCfg = Debug|Any CPU
		{E1811EA6-EC9B-4619-BD77-7874CD219FB7}.Debug|Any CPU.Build.0 = Debug|Any CPU
		{E1811EA6-EC9B-4619-BD77-7874CD219FB7}.Release|Any CPU.ActiveCfg = Release|Any CPU
		{E1811EA6-EC9B-4619-BD77-7874CD219FB7}.Release|Any CPU.Build.0 = Release|Any CPU
		{9D6CD00C-AB4F-4ABC-9CF5-1CD66B8AA641}.Debug|Any CPU.ActiveCfg = Debug|Any CPU
		{9D6CD00C-AB4F-4ABC-9CF5-1CD66B8AA641}.Debug|Any CPU.Build.0 = Debug|Any CPU
		{9D6CD00C-AB4F-4ABC-9CF5-1CD66B8AA641}.Release|Any CPU.ActiveCfg = Release|Any CPU
		{9D6CD00C-AB4F-4ABC-9CF5-1CD66B8AA641}.Release|Any CPU.Build.0 = Release|Any CPU
		{D9B7D9C6-F6D1-48CC-AC15-6BE4485BEB48}.Debug|Any CPU.ActiveCfg = Debug|Any CPU
		{D9B7D9C6-F6D1-48CC-AC15-6BE4485BEB48}.Debug|Any CPU.Build.0 = Debug|Any CPU
		{D9B7D9C6-F6D1-48CC-AC15-6BE4485BEB48}.Release|Any CPU.ActiveCfg = Release|Any CPU
		{D9B7D9C6-F6D1-48CC-AC15-6BE4485BEB48}.Release|Any CPU.Build.0 = Release|Any CPU
		{4E87C3C7-0AE0-44F6-BD28-A7347ED7B496}.Debug|Any CPU.ActiveCfg = Debug|Any CPU
		{4E87C3C7-0AE0-44F6-BD28-A7347ED7B496}.Debug|Any CPU.Build.0 = Debug|Any CPU
		{4E87C3C7-0AE0-44F6-BD28-A7347ED7B496}.Release|Any CPU.ActiveCfg = Release|Any CPU
		{4E87C3C7-0AE0-44F6-BD28-A7347ED7B496}.Release|Any CPU.Build.0 = Release|Any CPU
	EndGlobalSection
EndGlobal
